# This file is autogenerated, do not edit; changes may be undone by the next 'dep ensure'.


[[projects]]
  digest = "1:518a16957e2aa99d0a62c1955f61d0b42484a47129aaad808fcf5de208182fdc"
  name = "github.com/devopsfaith/krakend"
  packages = [
    "config",
    "core",
    "encoding",
    "logging",
    "proxy",
    "register",
    "register/internal",
    "router",
    "router/mux",
    "sd",
  ]
  pruneopts = "UT"
  revision = "a9119126330c3d376857bdd6ec05c57c2dea670b"
  version = "0.5"

[[projects]]
  branch = "master"
  digest = "1:36fe9527deed01d2a317617e59304eb2c4ce9f8a24115bcc5c2e37b3aee5bae4"
  name = "github.com/gin-contrib/sse"
  packages = ["."]
  pruneopts = "UT"
  revision = "22d885f9ecc78bf4ee5d72b937e4bbcdc58e8cae"

[[projects]]
  digest = "1:489e108f21464371ebf9cb5c30b1eceb07c6dd772dff073919267493dd9d04ea"
  name = "github.com/gin-gonic/gin"
  packages = [
    ".",
    "binding",
    "render",
  ]
  pruneopts = "UT"
  revision = "d459835d2b077e44f7c9b453505ee29881d5d12d"
  version = "v1.2"

[[projects]]
  digest = "1:15042ad3498153684d09f393bbaec6b216c8eec6d61f63dff711de7d64ed8861"
  name = "github.com/golang/protobuf"
  packages = ["proto"]
  pruneopts = "UT"
  revision = "b4deda0973fb4c70b50d226b1af49f3da59f5265"
  version = "v1.1.0"

[[projects]]
  digest = "1:d4d17353dbd05cb52a2a52b7fe1771883b682806f68db442b436294926bbfafb"
  name = "github.com/mattn/go-isatty"
  packages = ["."]
  pruneopts = "UT"
  revision = "0360b2af4f38e8d38c7fce2a9f4e702702d73a39"
  version = "v0.0.3"

[[projects]]
  digest = "1:9695b472826ca23e521d650849fefac3102dddbf841c9a4b35fb9d3ed5d17011"
  name = "github.com/rs/cors"
  packages = ["."]
  pruneopts = "UT"
  revision = "ca016a06a5753f8ba03029c0aa5e54afb1bf713f"
  version = "v1.4.0"

[[projects]]
  digest = "1:03aa6e485e528acb119fb32901cf99582c380225fc7d5a02758e08b180cb56c3"
  name = "github.com/ugorji/go"
  packages = ["codec"]
  pruneopts = "UT"
  revision = "b4c50a2b199d93b13dc15e78929cfb23bfdf21ab"
  version = "v1.1.1"

[[projects]]
  branch = "master"
  digest = "1:fcf2b18db0af0f60d58e71ae8ed15555d46fdca3fc2529f65a14cef30ced981f"
  name = "golang.org/x/sys"
  packages = ["unix"]
  pruneopts = "UT"
  revision = "c11f84a56e43e20a78cee75a7c034031ecf57d1f"

[[projects]]
  digest = "1:2b59aca2665ff804f6606c8829eaee133ddd3aefbc841014660d961b0034f888"
  name = "gopkg.in/gin-contrib/cors.v1"
  packages = ["."]
  pruneopts = "UT"
  revision = "cf4846e6a636a76237a28d9286f163c132e841bc"
  version = "v1.2"

[[projects]]
  digest = "1:cbc72c4c4886a918d6ab4b95e347ffe259846260f99ebdd8a198c2331cf2b2e9"
  name = "gopkg.in/go-playground/validator.v8"
  packages = ["."]
  pruneopts = "UT"
  revision = "5f1438d3fca68893a817e4a66806cea46a9e4ebf"
  version = "v8.18.2"

[[projects]]
  digest = "1:342378ac4dcb378a5448dd723f0784ae519383532f5e70ade24132c4c8693202"
  name = "gopkg.in/yaml.v2"
  packages = ["."]
  pruneopts = "UT"
  revision = "5420a8b6744d3b0345ab293f6fcba19c978f1183"
  version = "v2.2.1"

[solve-meta]
  analyzer-name = "dep"
  analyzer-version = 1
  input-imports = [
    "github.com/devopsfaith/krakend/config",
    "github.com/devopsfaith/krakend/router/mux",
    "github.com/gin-gonic/gin",
    "github.com/rs/cors",
    "gopkg.in/gin-contrib/cors.v1",
  ]
  solver-name = "gps-cdcl"
  solver-version = 1
